
Microsoft Visual Studio Solution File, Format Version 12.00
# Visual Studio Version 17
VisualStudioVersion = 17.4.33205.214
MinimumVisualStudioVersion = 10.0.40219.1
Project("{9A19103F-16F7-4668-BE54-9A1E7A4F7556}") = "PostApi", "PostApi\PostApi.csproj", "{CCF42B8E-8BBB-4D97-8244-6BC1C704899E}"
EndProject
Project("{2150E333-8FDC-42A3-9474-1A3956D46DE8}") = "Services", "Services", "{055EEC18-C42F-4329-930E-A40BE21654B7}"
EndProject
Project("{2150E333-8FDC-42A3-9474-1A3956D46DE8}") = "PeopleService", "PeopleService", "{1D8E5763-7D02-4522-9418-A6CFB151AC0F}"
EndProject
Project("{2150E333-8FDC-42A3-9474-1A3956D46DE8}") = "PostService", "PostService", "{16B57A9F-2FE0-4657-B418-6F8E15708637}"
EndProject
Project("{2150E333-8FDC-42A3-9474-1A3956D46DE8}") = "IdentityService", "IdentityService", "{FF6DBAC2-9778-4887-B84F-3455188467A0}"
EndProject
Project("{9A19103F-16F7-4668-BE54-9A1E7A4F7556}") = "Application", "Application\Application.csproj", "{EED2552F-91A3-4F13-A74D-96596667B882}"
EndProject
Project("{9A19103F-16F7-4668-BE54-9A1E7A4F7556}") = "Domain", "Domain\Domain.csproj", "{DB540996-F8A9-4CDD-8FDA-373BECBF1232}"
EndProject
Project("{9A19103F-16F7-4668-BE54-9A1E7A4F7556}") = "Infrastructure", "Infrastructure\Infrastructure.csproj", "{870E24EE-887C-4427-880F-0CC2EA4BDF6F}"
EndProject
Project("{9A19103F-16F7-4668-BE54-9A1E7A4F7556}") = "IdentityApi", "IdentityApi\IdentityApi.csproj", "{F194FD57-7A52-42FF-B845-5F61A7167F26}"
EndProject
Project("{9A19103F-16F7-4668-BE54-9A1E7A4F7556}") = "IdentityServiceApplication", "IdentityServiceApplication\IdentityServiceApplication.csproj", "{AC36CA31-2B81-49A4-AFBC-7B9D168E5605}"
EndProject
Project("{9A19103F-16F7-4668-BE54-9A1E7A4F7556}") = "IdentityServiceDomain", "IdentityServiceDomain\IdentityServiceDomain.csproj", "{A5BC6C49-5ADD-4DDE-9639-E335EE6CA35D}"
EndProject
Project("{9A19103F-16F7-4668-BE54-9A1E7A4F7556}") = "IdentityServiceInfrastructure", "IdentityServiceInfrastructure\IdentityServiceInfrastructure.csproj", "{D4DF4A5B-46EA-484D-A8BF-E089724B60C0}"
EndProject
Project("{9A19103F-16F7-4668-BE54-9A1E7A4F7556}") = "PeopleServiceDomain", "PeopleServiceDomain\PeopleServiceDomain.csproj", "{D294B7C7-AE24-4359-B6AE-012BDD54E78F}"
EndProject
Project("{9A19103F-16F7-4668-BE54-9A1E7A4F7556}") = "PeopleServiceInfrastructure", "PeopleServiceInfrastructure\PeopleServiceInfrastructure.csproj", "{FC94403D-D9EC-4B0A-97C1-E830639C7675}"
EndProject
Project("{9A19103F-16F7-4668-BE54-9A1E7A4F7556}") = "PeopleServiceApplication", "PeopleServiceApplication\PeopleServiceApplication.csproj", "{79B15B82-1FA1-45FD-95D8-BB20C6651F79}"
EndProject
Project("{9A19103F-16F7-4668-BE54-9A1E7A4F7556}") = "PeopleApi", "PeopleApi\PeopleApi.csproj", "{8E8759F6-D0B4-4618-B384-DBA49A65D247}"
EndProject
Project("{E53339B2-1760-4266-BCC7-CA923CBCF16C}") = "docker-compose", "docker-compose.dcproj", "{71ADF57C-71BA-4F3E-A786-1501679DE7AA}"
EndProject
Project("{2150E333-8FDC-42A3-9474-1A3956D46DE8}") = "Frontend", "Frontend", "{61235DD8-088F-496C-9560-0AF5AA901418}"
EndProject
Project("{FAE04EC0-301F-11D3-BF4B-00C04F79EFBC}") = "FrontendApp", "FrontendApp\FrontendApp.csproj", "{FE8968FB-977C-4877-B8A2-2773B7306B0C}"
EndProject
Global
	GlobalSection(SolutionConfigurationPlatforms) = preSolution
		Debug|Any CPU = Debug|Any CPU
		Release|Any CPU = Release|Any CPU
	EndGlobalSection
	GlobalSection(ProjectConfigurationPlatforms) = postSolution
		{CCF42B8E-8BBB-4D97-8244-6BC1C704899E}.Debug|Any CPU.ActiveCfg = Debug|Any CPU
		{CCF42B8E-8BBB-4D97-8244-6BC1C704899E}.Debug|Any CPU.Build.0 = Debug|Any CPU
		{CCF42B8E-8BBB-4D97-8244-6BC1C704899E}.Release|Any CPU.ActiveCfg = Release|Any CPU
		{CCF42B8E-8BBB-4D97-8244-6BC1C704899E}.Release|Any CPU.Build.0 = Release|Any CPU
		{EED2552F-91A3-4F13-A74D-96596667B882}.Debug|Any CPU.ActiveCfg = Debug|Any CPU
		{EED2552F-91A3-4F13-A74D-96596667B882}.Debug|Any CPU.Build.0 = Debug|Any CPU
		{EED2552F-91A3-4F13-A74D-96596667B882}.Release|Any CPU.ActiveCfg = Release|Any CPU
		{EED2552F-91A3-4F13-A74D-96596667B882}.Release|Any CPU.Build.0 = Release|Any CPU
		{DB540996-F8A9-4CDD-8FDA-373BECBF1232}.Debug|Any CPU.ActiveCfg = Debug|Any CPU
		{DB540996-F8A9-4CDD-8FDA-373BECBF1232}.Debug|Any CPU.Build.0 = Debug|Any CPU
		{DB540996-F8A9-4CDD-8FDA-373BECBF1232}.Release|Any CPU.ActiveCfg = Release|Any CPU
		{DB540996-F8A9-4CDD-8FDA-373BECBF1232}.Release|Any CPU.Build.0 = Release|Any CPU
		{870E24EE-887C-4427-880F-0CC2EA4BDF6F}.Debug|Any CPU.ActiveCfg = Debug|Any CPU
		{870E24EE-887C-4427-880F-0CC2EA4BDF6F}.Debug|Any CPU.Build.0 = Debug|Any CPU
		{870E24EE-887C-4427-880F-0CC2EA4BDF6F}.Release|Any CPU.ActiveCfg = Release|Any CPU
		{870E24EE-887C-4427-880F-0CC2EA4BDF6F}.Release|Any CPU.Build.0 = Release|Any CPU
		{F194FD57-7A52-42FF-B845-5F61A7167F26}.Debug|Any CPU.ActiveCfg = Debug|Any CPU
		{F194FD57-7A52-42FF-B845-5F61A7167F26}.Debug|Any CPU.Build.0 = Debug|Any CPU
		{F194FD57-7A52-42FF-B845-5F61A7167F26}.Release|Any CPU.ActiveCfg = Release|Any CPU
		{F194FD57-7A52-42FF-B845-5F61A7167F26}.Release|Any CPU.Build.0 = Release|Any CPU
		{AC36CA31-2B81-49A4-AFBC-7B9D168E5605}.Debug|Any CPU.ActiveCfg = Debug|Any CPU
		{AC36CA31-2B81-49A4-AFBC-7B9D168E5605}.Debug|Any CPU.Build.0 = Debug|Any CPU
		{AC36CA31-2B81-49A4-AFBC-7B9D168E5605}.Release|Any CPU.ActiveCfg = Release|Any CPU
		{AC36CA31-2B81-49A4-AFBC-7B9D168E5605}.Release|Any CPU.Build.0 = Release|Any CPU
		{A5BC6C49-5ADD-4DDE-9639-E335EE6CA35D}.Debug|Any CPU.ActiveCfg = Debug|Any CPU
		{A5BC6C49-5ADD-4DDE-9639-E335EE6CA35D}.Debug|Any CPU.Build.0 = Debug|Any CPU
		{A5BC6C49-5ADD-4DDE-9639-E335EE6CA35D}.Release|Any CPU.ActiveCfg = Release|Any CPU
		{A5BC6C49-5ADD-4DDE-9639-E335EE6CA35D}.Release|Any CPU.Build.0 = Release|Any CPU
		{D4DF4A5B-46EA-484D-A8BF-E089724B60C0}.Debug|Any CPU.ActiveCfg = Debug|Any CPU
		{D4DF4A5B-46EA-484D-A8BF-E089724B60C0}.Debug|Any CPU.Build.0 = Debug|Any CPU
		{D4DF4A5B-46EA-484D-A8BF-E089724B60C0}.Release|Any CPU.ActiveCfg = Release|Any CPU
		{D4DF4A5B-46EA-484D-A8BF-E089724B60C0}.Release|Any CPU.Build.0 = Release|Any CPU
		{D294B7C7-AE24-4359-B6AE-012BDD54E78F}.Debug|Any CPU.ActiveCfg = Debug|Any CPU
		{D294B7C7-AE24-4359-B6AE-012BDD54E78F}.Debug|Any CPU.Build.0 = Debug|Any CPU
		{D294B7C7-AE24-4359-B6AE-012BDD54E78F}.Release|Any CPU.ActiveCfg = Release|Any CPU
		{D294B7C7-AE24-4359-B6AE-012BDD54E78F}.Release|Any CPU.Build.0 = Release|Any CPU
		{FC94403D-D9EC-4B0A-97C1-E830639C7675}.Debug|Any CPU.ActiveCfg = Debug|Any CPU
		{FC94403D-D9EC-4B0A-97C1-E830639C7675}.Debug|Any CPU.Build.0 = Debug|Any CPU
		{FC94403D-D9EC-4B0A-97C1-E830639C7675}.Release|Any CPU.ActiveCfg = Release|Any CPU
		{FC94403D-D9EC-4B0A-97C1-E830639C7675}.Release|Any CPU.Build.0 = Release|Any CPU
		{79B15B82-1FA1-45FD-95D8-BB20C6651F79}.Debug|Any CPU.ActiveCfg = Debug|Any CPU
		{79B15B82-1FA1-45FD-95D8-BB20C6651F79}.Debug|Any CPU.Build.0 = Debug|Any CPU
		{79B15B82-1FA1-45FD-95D8-BB20C6651F79}.Release|Any CPU.ActiveCfg = Release|Any CPU
		{79B15B82-1FA1-45FD-95D8-BB20C6651F79}.Release|Any CPU.Build.0 = Release|Any CPU
		{8E8759F6-D0B4-4618-B384-DBA49A65D247}.Debug|Any CPU.ActiveCfg = Debug|Any CPU
		{8E8759F6-D0B4-4618-B384-DBA49A65D247}.Debug|Any CPU.Build.0 = Debug|Any CPU
		{8E8759F6-D0B4-4618-B384-DBA49A65D247}.Release|Any CPU.ActiveCfg = Release|Any CPU
		{8E8759F6-D0B4-4618-B384-DBA49A65D247}.Release|Any CPU.Build.0 = Release|Any CPU
		{71ADF57C-71BA-4F3E-A786-1501679DE7AA}.Debug|Any CPU.ActiveCfg = Debug|Any CPU
		{71ADF57C-71BA-4F3E-A786-1501679DE7AA}.Debug|Any CPU.Build.0 = Debug|Any CPU
		{71ADF57C-71BA-4F3E-A786-1501679DE7AA}.Release|Any CPU.ActiveCfg = Release|Any CPU
		{71ADF57C-71BA-4F3E-A786-1501679DE7AA}.Release|Any CPU.Build.0 = Release|Any CPU
		{FE8968FB-977C-4877-B8A2-2773B7306B0C}.Debug|Any CPU.ActiveCfg = Debug|Any CPU
		{FE8968FB-977C-4877-B8A2-2773B7306B0C}.Debug|Any CPU.Build.0 = Debug|Any CPU
		{FE8968FB-977C-4877-B8A2-2773B7306B0C}.Release|Any CPU.ActiveCfg = Release|Any CPU
		{FE8968FB-977C-4877-B8A2-2773B7306B0C}.Release|Any CPU.Build.0 = Release|Any CPU
	EndGlobalSection
	GlobalSection(SolutionProperties) = preSolution
		HideSolutionNode = FALSE
	EndGlobalSection
	GlobalSection(NestedProjects) = preSolution
		{CCF42B8E-8BBB-4D97-8244-6BC1C704899E} = {16B57A9F-2FE0-4657-B418-6F8E15708637}
		{1D8E5763-7D02-4522-9418-A6CFB151AC0F} = {055EEC18-C42F-4329-930E-A40BE21654B7}
		{16B57A9F-2FE0-4657-B418-6F8E15708637} = {055EEC18-C42F-4329-930E-A40BE21654B7}
		{FF6DBAC2-9778-4887-B84F-3455188467A0} = {055EEC18-C42F-4329-930E-A40BE21654B7}
		{EED2552F-91A3-4F13-A74D-96596667B882} = {16B57A9F-2FE0-4657-B418-6F8E15708637}
		{DB540996-F8A9-4CDD-8FDA-373BECBF1232} = {16B57A9F-2FE0-4657-B418-6F8E15708637}
		{870E24EE-887C-4427-880F-0CC2EA4BDF6F} = {16B57A9F-2FE0-4657-B418-6F8E15708637}
		{F194FD57-7A52-42FF-B845-5F61A7167F26} = {FF6DBAC2-9778-4887-B84F-3455188467A0}
		{AC36CA31-2B81-49A4-AFBC-7B9D168E5605} = {FF6DBAC2-9778-4887-B84F-3455188467A0}
		{A5BC6C49-5ADD-4DDE-9639-E335EE6CA35D} = {FF6DBAC2-9778-4887-B84F-3455188467A0}
		{D4DF4A5B-46EA-484D-A8BF-E089724B60C0} = {FF6DBAC2-9778-4887-B84F-3455188467A0}
		{D294B7C7-AE24-4359-B6AE-012BDD54E78F} = {1D8E5763-7D02-4522-9418-A6CFB151AC0F}
		{FC94403D-D9EC-4B0A-97C1-E830639C7675} = {1D8E5763-7D02-4522-9418-A6CFB151AC0F}
		{79B15B82-1FA1-45FD-95D8-BB20C6651F79} = {1D8E5763-7D02-4522-9418-A6CFB151AC0F}
		{8E8759F6-D0B4-4618-B384-DBA49A65D247} = {1D8E5763-7D02-4522-9418-A6CFB151AC0F}
		{61235DD8-088F-496C-9560-0AF5AA901418} = {055EEC18-C42F-4329-930E-A40BE21654B7}
		{FE8968FB-977C-4877-B8A2-2773B7306B0C} = {61235DD8-088F-496C-9560-0AF5AA901418}
	EndGlobalSection
	GlobalSection(ExtensibilityGlobals) = postSolution
		SolutionGuid = {FC48F7E7-61C5-4B0F-B6B2-5B245BC620D1}
	EndGlobalSection
EndGlobal
